// !$*UTF8*$!
{
	archiveVersion = 1;
	classes = {
	};
	objectVersion = 55;
	objects = {

/* Begin PBXBuildFile section */
		4852B51E28331CC800AAECAE /* AppDelegate.swift in Sources */ = {isa = PBXBuildFile; fileRef = 4852B51D28331CC800AAECAE /* AppDelegate.swift */; };
		4852B52028331CC800AAECAE /* SceneDelegate.swift in Sources */ = {isa = PBXBuildFile; fileRef = 4852B51F28331CC800AAECAE /* SceneDelegate.swift */; };
		4852B52228331CC800AAECAE /* ViewController.swift in Sources */ = {isa = PBXBuildFile; fileRef = 4852B52128331CC800AAECAE /* ViewController.swift */; };
		4852B52528331CC800AAECAE /* Main.storyboard in Resources */ = {isa = PBXBuildFile; fileRef = 4852B52328331CC800AAECAE /* Main.storyboard */; };
		4852B52828331CC800AAECAE /* propuesto10.xcdatamodeld in Sources */ = {isa = PBXBuildFile; fileRef = 4852B52628331CC800AAECAE /* propuesto10.xcdatamodeld */; };
		4852B52A28331CCD00AAECAE /* Assets.xcassets in Resources */ = {isa = PBXBuildFile; fileRef = 4852B52928331CCD00AAECAE /* Assets.xcassets */; };
		4852B52D28331CCD00AAECAE /* LaunchScreen.storyboard in Resources */ = {isa = PBXBuildFile; fileRef = 4852B52B28331CCD00AAECAE /* LaunchScreen.storyboard */; };
		4852B53528331FCC00AAECAE /* prueba.mp3 in Resources */ = {isa = PBXBuildFile; fileRef = 4852B53428331FCC00AAECAE /* prueba.mp3 */; };
/* End PBXBuildFile section */

/* Begin PBXFileReference section */
		4852B51A28331CC800AAECAE /* propuesto10.app */ = {isa = PBXFileReference; explicitFileType = wrapper.application; includeInIndex = 0; path = propuesto10.app; sourceTree = BUILT_PRODUCTS_DIR; };
		4852B51D28331CC800AAECAE /* AppDelegate.swift */ = {isa = PBXFileReference; lastKnownFileType = sourcecode.swift; path = AppDelegate.swift; sourceTree = "<group>"; };
		4852B51F28331CC800AAECAE /* SceneDelegate.swift */ = {isa = PBXFileReference; lastKnownFileType = sourcecode.swift; path = SceneDelegate.swift; sourceTree = "<group>"; };
		4852B52128331CC800AAECAE /* ViewController.swift */ = {isa = PBXFileReference; lastKnownFileType = sourcecode.swift; path = ViewController.swift; sourceTree = "<group>"; };
		4852B52428331CC800AAECAE /* Base */ = {isa = PBXFileReference; lastKnownFileType = file.storyboard; name = Base; path = Base.lproj/Main.storyboard; sourceTree = "<group>"; };
		4852B52728331CC800AAECAE /* propuesto10.xcdatamodel */ = {isa = PBXFileReference; lastKnownFileType = wrapper.xcdatamodel; path = propuesto10.xcdatamodel; sourceTree = "<group>"; };
		4852B52928331CCD00AAECAE /* Assets.xcassets */ = {isa = PBXFileReference; lastKnownFileType = folder.assetcatalog; path = Assets.xcassets; sourceTree = "<group>"; };
		4852B52C28331CCD00AAECAE /* Base */ = {isa = PBXFileReference; lastKnownFileType = file.storyboard; name = Base; path = Base.lproj/LaunchScreen.storyboard; sourceTree = "<group>"; };
		4852B52E28331CCD00AAECAE /* Info.plist */ = {isa = PBXFileReference; lastKnownFileType = text.plist.xml; path = Info.plist; sourceTree = "<group>"; };
		4852B53428331FCC00AAECAE /* prueba.mp3 */ = {isa = PBXFileReference; lastKnownFileType = audio.mp3; path = prueba.mp3; sourceTree = "<group>"; };
/* End PBXFileReference section */

/* Begin PBXFrameworksBuildPhase section */
		4852B51728331CC800AAECAE /* Frameworks */ = {
			isa = PBXFrameworksBuildPhase;
			buildActionMask = 2147483647;
			files = (
			);
			runOnlyForDeploymentPostprocessing = 0;
		};
/* End PBXFrameworksBuildPhase section */

/* Begin PBXGroup section */
		4852B51128331CC700AAECAE = {
			isa = PBXGroup;
			children = (
				4852B51C28331CC800AAECAE /* propuesto10 */,
				4852B51B28331CC800AAECAE /* Products */,
			);
			sourceTree = "<group>";
		};
		4852B51B28331CC800AAECAE /* Products */ = {
			isa = PBXGroup;
			children = (
				4852B51A28331CC800AAECAE /* propuesto10.app */,
			);
			name = Products;
			sourceTree = "<group>";
		};
		4852B51C28331CC800AAECAE /* propuesto10 */ = {
			isa = PBXGroup;
			children = (
				4852B51D28331CC800AAECAE /* AppDelegate.swift */,
				4852B51F28331CC800AAECAE /* SceneDelegate.swift */,
				4852B53428331FCC00AAECAE /* prueba.mp3 */,
				4852B52128331CC800AAECAE /* ViewController.swift */,
				4852B52328331CC800AAECAE /* Main.storyboard */,
				4852B52928331CCD00AAECAE /* Assets.xcassets */,
				4852B52B28331CCD00AAECAE /* LaunchScreen.storyboard */,
				4852B52E28331CCD00AAECAE /* Info.plist */,
				4852B52628331CC800AAECAE /* propuesto10.xcdatamodeld */,
			);
			path = propuesto10;
			sourceTree = "<group>";
		};
/* End PBXGroup section */

/* Begin PBXNativeTarget section */
		4852B51928331CC800AAECAE /* propuesto10 */ = {
			isa = PBXNativeTarget;
			buildConfigurationList = 4852B53128331CCD00AAECAE /* Build configuration list for PBXNativeTarget "propuesto10" */;
			buildPhases = (
				4852B51628331CC800AAECAE /* Sources */,
				4852B51728331CC800AAECAE /* Frameworks */,
				4852B51828331CC800AAECAE /* Resources */,
			);
			buildRules = (
			);
			dependencies = (
			);
			name = propuesto10;
			productName = propuesto10;
			productReference = 4852B51A28331CC800AAECAE /* propuesto10.app */;
			productType = "com.apple.product-type.application";
		};
/* End PBXNativeTarget section */

/* Begin PBXProject section */
		4852B51228331CC800AAECAE /* Project object */ = {
			isa = PBXProject;
			attributes = {
				BuildIndependentTargetsInParallel = 1;
				LastSwiftUpdateCheck = 1340;
				LastUpgradeCheck = 1340;
				TargetAttributes = {
					4852B51928331CC800AAECAE = {
						CreatedOnToolsVersion = 13.4;
					};
				};
			};
			buildConfigurationList = 4852B51528331CC800AAECAE /* Build configuration list for PBXProject "propuesto10" */;
			compatibilityVersion = "Xcode 13.0";
			developmentRegion = en;
			hasScannedForEncodings = 0;
			knownRegions = (
				en,
				Base,
			);
			mainGroup = 4852B51128331CC700AAECAE;
			productRefGroup = 4852B51B28331CC800AAECAE /* Products */;
			projectDirPath = "";
			projectRoot = "";
			targets = (
				4852B51928331CC800AAECAE /* propuesto10 */,
			);
		};
/* End PBXProject section */

/* Begin PBXResourcesBuildPhase section */
		4852B51828331CC800AAECAE /* Resources */ = {
			isa = PBXResourcesBuildPhase;
			buildActionMask = 2147483647;
			files = (
				4852B52D28331CCD00AAECAE /* LaunchScreen.storyboard in Resources */,
				4852B52A28331CCD00AAECAE /* Assets.xcassets in Resources */,
				4852B52528331CC800AAECAE /* Main.storyboard in Resources */,
				4852B53528331FCC00AAECAE /* prueba.mp3 in Resources */,
			);
			runOnlyForDeploymentPostprocessing = 0;
		};
/* End PBXResourcesBuildPhase section */

/* Begin PBXSourcesBuildPhase section */
		4852B51628331CC800AAECAE /* Sources */ = {
			isa = PBXSourcesBuildPhase;
			buildActionMask = 2147483647;
			files = (
				4852B52228331CC800AAECAE /* ViewController.swift in Sources */,
				4852B51E28331CC800AAECAE /* AppDelegate.swift in Sources */,
				4852B52828331CC800AAECAE /* propuesto10.xcdatamodeld in Sources */,
				4852B52028331CC800AAECAE /* SceneDelegate.swift in Sources */,
			);
			runOnlyForDeploymentPostprocessing = 0;
		};
/* End PBXSourcesBuildPhase section */

/* Begin PBXVariantGroup section */
		4852B52328331CC800AAECAE /* Main.storyboard */ = {
			isa = PBXVariantGroup;
			children = (
				4852B52428331CC800AAECAE /* Base */,
			);
			name = Main.storyboard;
			sourceTree = "<group>";
		};
		4852B52B28331CCD00AAECAE /* LaunchScreen.storyboard */ = {
			isa = PBXVariantGroup;
			children = (
				4852B52C28331CCD00AAECAE /* Base */,
			);
			name = LaunchScreen.storyboard;
			sourceTree = "<group>";
		};
/* End PBXVariantGroup section */

/* Begin XCBuildConfiguration section */
		4852B52F28331CCD00AAECAE /* Debug */ = {
			isa = XCBuildConfiguration;
			buildSettings = {
				ALWAYS_SEARCH_USER_PATHS = NO;
				CLANG_ANALYZER_NONNULL = YES;
				CLANG_ANALYZER_NUMBER_OBJECT_CONVERSION = YES_AGGRESSIVE;
				CLANG_CXX_LANGUAGE_STANDARD = "gnu++17";
				CLANG_ENABLE_MODULES = YES;
				CLANG_ENABLE_OBJC_ARC = YES;
				CLANG_ENABLE_OBJC_WEAK = YES;
				CLANG_WARN_BLOCK_CAPTURE_AUTORELEASING = YES;
				CLANG_WARN_BOOL_CONVERSION = YES;
				CLANG_WARN_COMMA = YES;
				CLANG_WARN_CONSTANT_CONVERSION = YES;
				CLANG_WARN_DEPRECATED_OBJC_IMPLEMENTATIONS = YES;
				CLANG_WARN_DIRECT_OBJC_ISA_USAGE = YES_ERROR;
				CLANG_WARN_DOCUMENTATION_COMMENTS = YES;
				CLANG_WARN_EMPTY_BODY = YES;
				CLANG_WARN_ENUM_CONVERSION = YES;
				CLANG_WARN_INFINITE_RECURSION = YES;
				CLANG_WARN_INT_CONVERSION = YES;
				CLANG_WARN_NON_LITERAL_NULL_CONVERSION = YES;
				CLANG_WARN_OBJC_IMPLICIT_RETAIN_SELF = YES;
				CLANG_WARN_OBJC_LITERAL_CONVERSION = YES;
				CLANG_WARN_OBJC_ROOT_CLASS = YES_ERROR;
				CLANG_WARN_QUOTED_INCLUDE_IN_FRAMEWORK_HEADER = YES;
				CLANG_WARN_RANGE_LOOP_ANALYSIS = YES;
				CLANG_WARN_STRICT_PROTOTYPES = YES;
				CLANG_WARN_SUSPICIOUS_MOVE = YES;
				CLANG_WARN_UNGUARDED_AVAILABILITY = YES_AGGRESSIVE;
				CLANG_WARN_UNREACHABLE_CODE = YES;
				CLANG_WARN__DUPLICATE_METHOD_MATCH = YES;
				COPY_PHASE_STRIP = NO;
				DEBUG_INFORMATION_FORMAT = dwarf;
				ENABLE_STRICT_OBJC_MSGSEND = YES;
				ENABLE_TESTABILITY = YES;
				GCC_C_LANGUAGE_STANDARD = gnu11;
				GCC_DYNAMIC_NO_PIC = NO;
				GCC_NO_COMMON_BLOCKS = YES;
				GCC_OPTIMIZATION_LEVEL = 0;
				GCC_PREPROCESSOR_DEFINITIONS = (
					"DEBUG=1",
					"$(inherited)",
				);
				GCC_WARN_64_TO_32_BIT_CONVERSION = YES;
				GCC_WARN_ABOUT_RETURN_TYPE = YES_ERROR;
				GCC_WARN_UNDECLARED_SELECTOR = YES;
				GCC_WARN_UNINITIALIZED_AUTOS = YES_AGGRESSIVE;
				GCC_WARN_UNUSED_FUNCTION = YES;
				GCC_WARN_UNUSED_VARIABLE = YES;
				IPHONEOS_DEPLOYMENT_TARGET = 15.5;
				MTL_ENABLE_DEBUG_INFO = INCLUDE_SOURCE;
				MTL_FAST_MATH = YES;
				ONLY_ACTIVE_ARCH = YES;
				SDKROOT = iphoneos;
				SWIFT_ACTIVE_COMPILATION_CONDITIONS = DEBUG;
				SWIFT_OPTIMIZATION_LEVEL = "-Onone";
			};
			name = Debug;
		};
		4852B53028331CCD00AAECAE /* Release */ = {
			isa = XCBuildConfiguration;
			buildSettings = {
				ALWAYS_SEARCH_USER_PATHS = NO;
				CLANG_ANALYZER_NONNULL = YES;
				CLANG_ANALYZER_NUMBER_OBJECT_CONVERSION = YES_AGGRESSIVE;
				CLANG_CXX_LANGUAGE_STANDARD = "gnu++17";
				CLANG_ENABLE_MODULES = YES;
				CLANG_ENABLE_OBJC_ARC = YES;
				CLANG_ENABLE_OBJC_WEAK = YES;
				CLANG_WARN_BLOCK_CAPTURE_AUTORELEASING = YES;
				CLANG_WARN_BOOL_CONVERSION = YES;
				CLANG_WARN_COMMA = YES;
				CLANG_WARN_CONSTANT_CONVERSION = YES;
				CLANG_WARN_DEPRECATED_OBJC_IMPLEMENTATIONS = YES;
				CLANG_WARN_DIRECT_OBJC_ISA_USAGE = YES_ERROR;
				CLANG_WARN_DOCUMENTATION_COMMENTS = YES;
				CLANG_WARN_EMPTY_BODY = YES;
				CLANG_WARN_ENUM_CONVERSION = YES;
				CLANG_WARN_INFINITE_RECURSION = YES;
				CLANG_WARN_INT_CONVERSION = YES;
				CLANG_WARN_NON_LITERAL_NULL_CONVERSION = YES;
				CLANG_WARN_OBJC_IMPLICIT_RETAIN_SELF = YES;
				CLANG_WARN_OBJC_LITERAL_CONVERSION = YES;
				CLANG_WARN_OBJC_ROOT_CLASS = YES_ERROR;
				CLANG_WARN_QUOTED_INCLUDE_IN_FRAMEWORK_HEADER = YES;
				CLANG_WARN_RANGE_LOOP_ANALYSIS = YES;
				CLANG_WARN_STRICT_PROTOTYPES = YES;
				CLANG_WARN_SUSPICIOUS_MOVE = YES;
				CLANG_WARN_UNGUARDED_AVAILABILITY = YES_AGGRESSIVE;
				CLANG_WARN_UNREACHABLE_CODE = YES;
				CLANG_WARN__DUPLICATE_METHOD_MATCH = YES;
				COPY_PHASE_STRIP = NO;
				DEBUG_INFORMATION_FORMAT = "dwarf-with-dsym";
				ENABLE_NS_ASSERTIONS = NO;
				ENABLE_STRICT_OBJC_MSGSEND = YES;
				GCC_C_LANGUAGE_STANDARD = gnu11;
				GCC_NO_COMMON_BLOCKS = YES;
				GCC_WARN_64_TO_32_BIT_CONVERSION = YES;
				GCC_WARN_ABOUT_RETURN_TYPE = YES_ERROR;
				GCC_WARN_UNDECLARED_SELECTOR = YES;
				GCC_WARN_UNINITIALIZED_AUTOS = YES_AGGRESSIVE;
				GCC_WARN_UNUSED_FUNCTION = YES;
				GCC_WARN_UNUSED_VARIABLE = YES;
				IPHONEOS_DEPLOYMENT_TARGET = 15.5;
				MTL_ENABLE_DEBUG_INFO = NO;
				MTL_FAST_MATH = YES;
				SDKROOT = iphoneos;
				SWIFT_COMPILATION_MODE = wholemodule;
				SWIFT_OPTIMIZATION_LEVEL = "-O";
				VALIDATE_PRODUCT = YES;
			};
			name = Release;
		};
		4852B53228331CCD00AAECAE /* Debug */ = {
			isa = XCBuildConfiguration;
			buildSettings = {
				ASSETCATALOG_COMPILER_APPICON_NAME = AppIcon;
				ASSETCATALOG_COMPILER_GLOBAL_ACCENT_COLOR_NAME = AccentColor;
				CODE_SIGN_STYLE = Automatic;
				CURRENT_PROJECT_VERSION = 1;
				GENERATE_INFOPLIST_FILE = YES;
				INFOPLIST_FILE = propuesto10/Info.plist;
				INFOPLIST_KEY_UIApplicationSupportsIndirectInputEvents = YES;
				INFOPLIST_KEY_UILaunchStoryboardName = LaunchScreen;
				INFOPLIST_KEY_UIMainStoryboardFile = Main;
				INFOPLIST_KEY_UISupportedInterfaceOrientations_iPad = "UIInterfaceOrientationPortrait UIInterfaceOrientationPortraitUpsideDown UIInterfaceOrientationLandscapeLeft UIInterfaceOrientationLandscapeRight";
				INFOPLIST_KEY_UISupportedInterfaceOrientations_iPhone = "UIInterfaceOrientationPortrait UIInterfaceOrientationLandscapeLeft UIInterfaceOrientationLandscapeRight";
				LD_RUNPATH_SEARCH_PATHS = (
					"$(inherited)",
					"@executable_path/Frameworks",
				);
				MARKETING_VERSION = 1.0;
				PRODUCT_BUNDLE_IDENTIFIER = deah.propuesto10;
				PRODUCT_NAME = "$(TARGET_NAME)";
				SWIFT_EMIT_LOC_STRINGS = YES;
				SWIFT_VERSION = 5.0;
				TARGETED_DEVICE_FAMILY = "1,2";
			};
			name = Debug;
		};
		4852B53328331CCD00AAECAE /* Release */ = {
			isa = XCBuildConfiguration;
			buildSettings = {
				ASSETCATALOG_COMPILER_APPICON_NAME = AppIcon;
				ASSETCATALOG_COMPILER_GLOBAL_ACCENT_COLOR_NAME = AccentColor;
				CODE_SIGN_STYLE = Automatic;
				CURRENT_PROJECT_VERSION = 1;
				GENERATE_INFOPLIST_FILE = YES;
				INFOPLIST_FILE = propuesto10/Info.plist;
				INFOPLIST_KEY_UIApplicationSupportsIndirectInputEvents = YES;
				INFOPLIST_KEY_UILaunchStoryboardName = LaunchScreen;
				INFOPLIST_KEY_UIMainStoryboardFile = Main;
				INFOPLIST_KEY_UISupportedInterfaceOrientations_iPad = "UIInterfaceOrientationPortrait UIInterfaceOrientationPortraitUpsideDown UIInterfaceOrientationLandscapeLeft UIInterfaceOrientationLandscapeRight";
				INFOPLIST_KEY_UISupportedInterfaceOrientations_iPhone = "UIInterfaceOrientationPortrait UIInterfaceOrientationLandscapeLeft UIInterfaceOrientationLandscapeRight";
				LD_RUNPATH_SEARCH_PATHS = (
					"$(inherited)",
					"@executable_path/Frameworks",
				);
				MARKETING_VERSION = 1.0;
				PRODUCT_BUNDLE_IDENTIFIER = deah.propuesto10;
				PRODUCT_NAME = "$(TARGET_NAME)";
				SWIFT_EMIT_LOC_STRINGS = YES;
				SWIFT_VERSION = 5.0;
				TARGETED_DEVICE_FAMILY = "1,2";
			};
			name = Release;
		};
/* End XCBuildConfiguration section */

/* Begin XCConfigurationList section */
		4852B51528331CC800AAECAE /* Build configuration list for PBXProject "propuesto10" */ = {
			isa = XCConfigurationList;
			buildConfigurations = (
				4852B52F28331CCD00AAECAE /* Debug */,
				4852B53028331CCD00AAECAE /* Release */,
			);
			defaultConfigurationIsVisible = 0;
			defaultConfigurationName = Release;
		};
		4852B53128331CCD00AAECAE /* Build configuration list for PBXNativeTarget "propuesto10" */ = {
			isa = XCConfigurationList;
			buildConfigurations = (
				4852B53228331CCD00AAECAE /* Debug */,
				4852B53328331CCD00AAECAE /* Release */,
			);
			defaultConfigurationIsVisible = 0;
			defaultConfigurationName = Release;
		};
/* End XCConfigurationList section */

/* Begin XCVersionGroup section */
		4852B52628331CC800AAECAE /* propuesto10.xcdatamodeld */ = {
			isa = XCVersionGroup;
			children = (
				4852B52728331CC800AAECAE /* propuesto10.xcdatamodel */,
			);
			currentVersion = 4852B52728331CC800AAECAE /* propuesto10.xcdatamodel */;
			path = propuesto10.xcdatamodeld;
			sourceTree = "<group>";
			versionGroupType = wrapper.xcdatamodel;
		};
/* End XCVersionGroup section */
	};
	rootObject = 4852B51228331CC800AAECAE /* Project object */;
}
